
Microsoft Visual Studio Solution File, Format Version 12.00
# Visual Studio Version 16
VisualStudioVersion = 16.0.29102.190
MinimumVisualStudioVersion = 10.0.40219.1
Project("{FAE04EC0-301F-11D3-BF4B-00C04F79EFBC}") = "GraphViualization", "GraphViualization\GraphViualization.csproj", "{D4BFF8BF-D096-4CAF-982B-24801F9116A8}"
EndProject
Global
	GlobalSection(SolutionConfigurationPlatforms) = preSolution
		Debug|Any CPU = Debug|Any CPU
		Release|Any CPU = Release|Any CPU
	EndGlobalSection
	GlobalSection(ProjectConfigurationPlatforms) = postSolution
		{D4BFF8BF-D096-4CAF-982B-24801F9116A8}.Debug|Any CPU.ActiveCfg = Debug|Any CPU
		{D4BFF8BF-D096-4CAF-982B-24801F9116A8}.Debug|Any CPU.Build.0 = Debug|Any CPU
		{D4BFF8BF-D096-4CAF-982B-24801F9116A8}.Release|Any CPU.ActiveCfg = Release|Any CPU
		{D4BFF8BF-D096-4CAF-982B-24801F9116A8}.Release|Any CPU.Build.0 = Release|Any CPU
	EndGlobalSection
	GlobalSection(SolutionProperties) = preSolution
		HideSolutionNode = FALSE
	EndGlobalSection
	GlobalSection(ExtensibilityGlobals) = postSolution
		SolutionGuid = {21F9E2BF-98CD-49E3-846C-297B77EFADCB}
	EndGlobalSection
EndGlobal
